{
  "version": 4,
  "terraform_version": "0.14.7",
  "serial": 6,
  "lineage": "1bdf1dd5-d1c0-8ee4-5f8d-ffb9f0472f7f",
  "outputs": {
    "bucket_arn": {
      "value": "arn:aws:s3:::playground-tfscaffold-363953999983-eu-west-1",
      "type": "string"
    },
    "bucket_name": {
      "value": "playground-tfscaffold-363953999983-eu-west-1",
      "type": "string"
    },
    "bucket_policy": {
      "value": "{\n  \"Version\": \"2012-10-17\",\n  \"Statement\": [\n    {\n      \"Sid\": \"DontAllowNonSecureConnection\",\n      \"Effect\": \"Deny\",\n      \"Action\": \"s3:*\",\n      \"Resource\": [\n        \"arn:aws:s3:::playground-tfscaffold-363953999983-eu-west-1/*\",\n        \"arn:aws:s3:::playground-tfscaffold-363953999983-eu-west-1\"\n      ],\n      \"Principal\": {\n        \"AWS\": \"*\"\n      },\n      \"Condition\": {\n        \"Bool\": {\n          \"aws:SecureTransport\": [\n            \"false\"\n          ]\n        }\n      }\n    },\n    {\n      \"Sid\": \"AllowManagedAccountsToList\",\n      \"Effect\": \"Allow\",\n      \"Action\": \"s3:ListBucket\",\n      \"Resource\": \"arn:aws:s3:::playground-tfscaffold-363953999983-eu-west-1\",\n      \"Principal\": {\n        \"AWS\": \"arn:aws:iam::363953999983:root\"\n      }\n    },\n    {\n      \"Sid\": \"AllowManagedAccountsToGet\",\n      \"Effect\": \"Allow\",\n      \"Action\": \"s3:GetObject\",\n      \"Resource\": \"arn:aws:s3:::playground-tfscaffold-363953999983-eu-west-1/*\",\n      \"Principal\": {\n        \"AWS\": \"arn:aws:iam::363953999983:root\"\n      }\n    }\n  ]\n}",
      "type": "string"
    },
    "kms_key_arn": {
      "value": "arn:aws:kms:eu-west-1:363953999983:key/abb4d1c0-498b-427f-b467-c870944a67b9",
      "type": "string"
    },
    "kms_key_id": {
      "value": "abb4d1c0-498b-427f-b467-c870944a67b9",
      "type": "string"
    },
    "kms_key_policy": {
      "value": "{\n  \"Version\": \"2012-10-17\",\n  \"Statement\": [\n    {\n      \"Sid\": \"AllowLocalIAMAdministration\",\n      \"Effect\": \"Allow\",\n      \"Action\": \"*\",\n      \"Resource\": \"*\",\n      \"Principal\": {\n        \"AWS\": \"arn:aws:iam::363953999983:root\"\n      }\n    },\n    {\n      \"Sid\": \"AllowManagedAccountsToUse\",\n      \"Effect\": \"Allow\",\n      \"Action\": [\n        \"kms:ReEncrypt\",\n        \"kms:GenerateDataKeyWithoutPlaintext\",\n        \"kms:GenerateDataKeyPairWithoutPlaintext\",\n        \"kms:GenerateDataKeyPair\",\n        \"kms:GenerateDataKey\",\n        \"kms:Encrypt\",\n        \"kms:DescribeKey\",\n        \"kms:Decrypt\"\n      ],\n      \"Resource\": \"*\",\n      \"Principal\": {\n        \"AWS\": \"arn:aws:iam::363953999983:root\"\n      }\n    }\n  ]\n}",
      "type": "string"
    }
  },
  "resources": [
    {
      "mode": "data",
      "type": "aws_iam_policy_document",
      "name": "bucket",
      "provider": "provider[\"registry.terraform.io/hashicorp/aws\"]",
      "instances": [
        {
          "schema_version": 0,
          "attributes": {
            "id": "2531554414",
            "json": "{\n  \"Version\": \"2012-10-17\",\n  \"Statement\": [\n    {\n      \"Sid\": \"DontAllowNonSecureConnection\",\n      \"Effect\": \"Deny\",\n      \"Action\": \"s3:*\",\n      \"Resource\": [\n        \"arn:aws:s3:::playground-tfscaffold-363953999983-eu-west-1/*\",\n        \"arn:aws:s3:::playground-tfscaffold-363953999983-eu-west-1\"\n      ],\n      \"Principal\": {\n        \"AWS\": \"*\"\n      },\n      \"Condition\": {\n        \"Bool\": {\n          \"aws:SecureTransport\": [\n            \"false\"\n          ]\n        }\n      }\n    },\n    {\n      \"Sid\": \"AllowManagedAccountsToList\",\n      \"Effect\": \"Allow\",\n      \"Action\": \"s3:ListBucket\",\n      \"Resource\": \"arn:aws:s3:::playground-tfscaffold-363953999983-eu-west-1\",\n      \"Principal\": {\n        \"AWS\": \"arn:aws:iam::363953999983:root\"\n      }\n    },\n    {\n      \"Sid\": \"AllowManagedAccountsToGet\",\n      \"Effect\": \"Allow\",\n      \"Action\": \"s3:GetObject\",\n      \"Resource\": \"arn:aws:s3:::playground-tfscaffold-363953999983-eu-west-1/*\",\n      \"Principal\": {\n        \"AWS\": \"arn:aws:iam::363953999983:root\"\n      }\n    }\n  ]\n}",
            "override_json": null,
            "override_policy_documents": null,
            "policy_id": null,
            "source_json": null,
            "source_policy_documents": null,
            "statement": [
              {
                "actions": [
                  "s3:*"
                ],
                "condition": [
                  {
                    "test": "Bool",
                    "values": [
                      "false"
                    ],
                    "variable": "aws:SecureTransport"
                  }
                ],
                "effect": "Deny",
                "not_actions": [],
                "not_principals": [],
                "not_resources": [],
                "principals": [
                  {
                    "identifiers": [
                      "*"
                    ],
                    "type": "AWS"
                  }
                ],
                "resources": [
                  "arn:aws:s3:::playground-tfscaffold-363953999983-eu-west-1",
                  "arn:aws:s3:::playground-tfscaffold-363953999983-eu-west-1/*"
                ],
                "sid": "DontAllowNonSecureConnection"
              },
              {
                "actions": [
                  "s3:ListBucket"
                ],
                "condition": [],
                "effect": "Allow",
                "not_actions": [],
                "not_principals": [],
                "not_resources": [],
                "principals": [
                  {
                    "identifiers": [
                      "arn:aws:iam::363953999983:root"
                    ],
                    "type": "AWS"
                  }
                ],
                "resources": [
                  "arn:aws:s3:::playground-tfscaffold-363953999983-eu-west-1"
                ],
                "sid": "AllowManagedAccountsToList"
              },
              {
                "actions": [
                  "s3:GetObject"
                ],
                "condition": [],
                "effect": "Allow",
                "not_actions": [],
                "not_principals": [],
                "not_resources": [],
                "principals": [
                  {
                    "identifiers": [
                      "arn:aws:iam::363953999983:root"
                    ],
                    "type": "AWS"
                  }
                ],
                "resources": [
                  "arn:aws:s3:::playground-tfscaffold-363953999983-eu-west-1/*"
                ],
                "sid": "AllowManagedAccountsToGet"
              }
            ],
            "version": "2012-10-17"
          },
          "sensitive_attributes": []
        }
      ]
    },
    {
      "mode": "data",
      "type": "aws_iam_policy_document",
      "name": "kms_key_s3",
      "provider": "provider[\"registry.terraform.io/hashicorp/aws\"]",
      "instances": [
        {
          "schema_version": 0,
          "attributes": {
            "id": "282976127",
            "json": "{\n  \"Version\": \"2012-10-17\",\n  \"Statement\": [\n    {\n      \"Sid\": \"AllowLocalIAMAdministration\",\n      \"Effect\": \"Allow\",\n      \"Action\": \"*\",\n      \"Resource\": \"*\",\n      \"Principal\": {\n        \"AWS\": \"arn:aws:iam::363953999983:root\"\n      }\n    },\n    {\n      \"Sid\": \"AllowManagedAccountsToUse\",\n      \"Effect\": \"Allow\",\n      \"Action\": [\n        \"kms:ReEncrypt\",\n        \"kms:GenerateDataKeyWithoutPlaintext\",\n        \"kms:GenerateDataKeyPairWithoutPlaintext\",\n        \"kms:GenerateDataKeyPair\",\n        \"kms:GenerateDataKey\",\n        \"kms:Encrypt\",\n        \"kms:DescribeKey\",\n        \"kms:Decrypt\"\n      ],\n      \"Resource\": \"*\",\n      \"Principal\": {\n        \"AWS\": \"arn:aws:iam::363953999983:root\"\n      }\n    }\n  ]\n}",
            "override_json": null,
            "override_policy_documents": null,
            "policy_id": null,
            "source_json": null,
            "source_policy_documents": null,
            "statement": [
              {
                "actions": [
                  "*"
                ],
                "condition": [],
                "effect": "Allow",
                "not_actions": [],
                "not_principals": [],
                "not_resources": [],
                "principals": [
                  {
                    "identifiers": [
                      "arn:aws:iam::363953999983:root"
                    ],
                    "type": "AWS"
                  }
                ],
                "resources": [
                  "*"
                ],
                "sid": "AllowLocalIAMAdministration"
              },
              {
                "actions": [
                  "kms:Decrypt",
                  "kms:DescribeKey",
                  "kms:Encrypt",
                  "kms:GenerateDataKey",
                  "kms:GenerateDataKeyPair",
                  "kms:GenerateDataKeyPairWithoutPlaintext",
                  "kms:GenerateDataKeyWithoutPlaintext",
                  "kms:ReEncrypt"
                ],
                "condition": [],
                "effect": "Allow",
                "not_actions": [],
                "not_principals": [],
                "not_resources": [],
                "principals": [
                  {
                    "identifiers": [
                      "arn:aws:iam::363953999983:root"
                    ],
                    "type": "AWS"
                  }
                ],
                "resources": [
                  "*"
                ],
                "sid": "AllowManagedAccountsToUse"
              }
            ],
            "version": "2012-10-17"
          },
          "sensitive_attributes": []
        }
      ]
    },
    {
      "mode": "managed",
      "type": "aws_kms_key",
      "name": "s3",
      "provider": "provider[\"registry.terraform.io/hashicorp/aws\"]",
      "instances": [
        {
          "schema_version": 0,
          "attributes": {
            "arn": "arn:aws:kms:eu-west-1:363953999983:key/abb4d1c0-498b-427f-b467-c870944a67b9",
            "customer_master_key_spec": "SYMMETRIC_DEFAULT",
            "deletion_window_in_days": 10,
            "description": "tfscaffold Bootstrap S3 Bucket",
            "enable_key_rotation": true,
            "id": "abb4d1c0-498b-427f-b467-c870944a67b9",
            "is_enabled": true,
            "key_id": "abb4d1c0-498b-427f-b467-c870944a67b9",
            "key_usage": "ENCRYPT_DECRYPT",
            "policy": "{\"Statement\":[{\"Action\":\"*\",\"Effect\":\"Allow\",\"Principal\":{\"AWS\":\"arn:aws:iam::363953999983:root\"},\"Resource\":\"*\",\"Sid\":\"AllowLocalIAMAdministration\"},{\"Action\":[\"kms:ReEncrypt\",\"kms:GenerateDataKeyWithoutPlaintext\",\"kms:GenerateDataKeyPairWithoutPlaintext\",\"kms:GenerateDataKeyPair\",\"kms:GenerateDataKey\",\"kms:Encrypt\",\"kms:DescribeKey\",\"kms:Decrypt\"],\"Effect\":\"Allow\",\"Principal\":{\"AWS\":\"arn:aws:iam::363953999983:root\"},\"Resource\":\"*\",\"Sid\":\"AllowManagedAccountsToUse\"}],\"Version\":\"2012-10-17\"}",
            "tags": {
              "Account": "363953999983",
              "Component": "bootstrap",
              "Environment": "bootstrap",
              "Name": "tfscaffold Bootstrap S3 Bucket",
              "Project": "playground"
            }
          },
          "sensitive_attributes": [],
          "private": "bnVsbA==",
          "dependencies": [
            "data.aws_iam_policy_document.kms_key_s3"
          ]
        }
      ]
    },
    {
      "mode": "managed",
      "type": "aws_s3_bucket",
      "name": "bucket",
      "provider": "provider[\"registry.terraform.io/hashicorp/aws\"]",
      "instances": [
        {
          "schema_version": 0,
          "attributes": {
            "acceleration_status": "",
            "acl": "private",
            "arn": "arn:aws:s3:::playground-tfscaffold-363953999983-eu-west-1",
            "bucket": "playground-tfscaffold-363953999983-eu-west-1",
            "bucket_domain_name": "playground-tfscaffold-363953999983-eu-west-1.s3.amazonaws.com",
            "bucket_prefix": null,
            "bucket_regional_domain_name": "playground-tfscaffold-363953999983-eu-west-1.s3.eu-west-1.amazonaws.com",
            "cors_rule": [],
            "force_destroy": false,
            "grant": [],
            "hosted_zone_id": "Z1BKCTXD74EZPE",
            "id": "playground-tfscaffold-363953999983-eu-west-1",
            "lifecycle_rule": [
              {
                "abort_incomplete_multipart_upload_days": 0,
                "enabled": true,
                "expiration": [],
                "id": "tf-s3-lifecycle-20221115111644365000000001",
                "noncurrent_version_expiration": [
                  {
                    "days": 90
                  }
                ],
                "noncurrent_version_transition": [
                  {
                    "days": 30,
                    "storage_class": "STANDARD_IA"
                  },
                  {
                    "days": 60,
                    "storage_class": "GLACIER"
                  }
                ],
                "prefix": "",
                "tags": null,
                "transition": []
              }
            ],
            "logging": [],
            "object_lock_configuration": [],
            "policy": null,
            "region": "eu-west-1",
            "replication_configuration": [],
            "request_payer": "BucketOwner",
            "server_side_encryption_configuration": [
              {
                "rule": [
                  {
                    "apply_server_side_encryption_by_default": [
                      {
                        "kms_master_key_id": "arn:aws:kms:eu-west-1:363953999983:key/abb4d1c0-498b-427f-b467-c870944a67b9",
                        "sse_algorithm": "aws:kms"
                      }
                    ]
                  }
                ]
              }
            ],
            "tags": {
              "Account": "363953999983",
              "Component": "bootstrap",
              "Environment": "bootstrap",
              "Name": "Terraform Scaffold State File Bucket for account 363953999983 in region eu-west-1",
              "Project": "playground"
            },
            "versioning": [
              {
                "enabled": true,
                "mfa_delete": false
              }
            ],
            "website": [],
            "website_domain": null,
            "website_endpoint": null
          },
          "sensitive_attributes": [],
          "private": "bnVsbA==",
          "dependencies": [
            "aws_kms_key.s3",
            "data.aws_iam_policy_document.kms_key_s3"
          ]
        }
      ]
    },
    {
      "mode": "managed",
      "type": "aws_s3_bucket_policy",
      "name": "bucket",
      "provider": "provider[\"registry.terraform.io/hashicorp/aws\"]",
      "instances": [
        {
          "schema_version": 0,
          "attributes": {
            "bucket": "playground-tfscaffold-363953999983-eu-west-1",
            "id": "playground-tfscaffold-363953999983-eu-west-1",
            "policy": "{\n  \"Version\": \"2012-10-17\",\n  \"Statement\": [\n    {\n      \"Sid\": \"DontAllowNonSecureConnection\",\n      \"Effect\": \"Deny\",\n      \"Action\": \"s3:*\",\n      \"Resource\": [\n        \"arn:aws:s3:::playground-tfscaffold-363953999983-eu-west-1/*\",\n        \"arn:aws:s3:::playground-tfscaffold-363953999983-eu-west-1\"\n      ],\n      \"Principal\": {\n        \"AWS\": \"*\"\n      },\n      \"Condition\": {\n        \"Bool\": {\n          \"aws:SecureTransport\": [\n            \"false\"\n          ]\n        }\n      }\n    },\n    {\n      \"Sid\": \"AllowManagedAccountsToList\",\n      \"Effect\": \"Allow\",\n      \"Action\": \"s3:ListBucket\",\n      \"Resource\": \"arn:aws:s3:::playground-tfscaffold-363953999983-eu-west-1\",\n      \"Principal\": {\n        \"AWS\": \"arn:aws:iam::363953999983:root\"\n      }\n    },\n    {\n      \"Sid\": \"AllowManagedAccountsToGet\",\n      \"Effect\": \"Allow\",\n      \"Action\": \"s3:GetObject\",\n      \"Resource\": \"arn:aws:s3:::playground-tfscaffold-363953999983-eu-west-1/*\",\n      \"Principal\": {\n        \"AWS\": \"arn:aws:iam::363953999983:root\"\n      }\n    }\n  ]\n}"
          },
          "sensitive_attributes": [],
          "private": "bnVsbA==",
          "dependencies": [
            "aws_kms_key.s3",
            "aws_s3_bucket.bucket",
            "aws_s3_bucket_public_access_block.bucket",
            "data.aws_iam_policy_document.bucket",
            "data.aws_iam_policy_document.kms_key_s3"
          ]
        }
      ]
    },
    {
      "mode": "managed",
      "type": "aws_s3_bucket_public_access_block",
      "name": "bucket",
      "provider": "provider[\"registry.terraform.io/hashicorp/aws\"]",
      "instances": [
        {
          "schema_version": 0,
          "attributes": {
            "block_public_acls": true,
            "block_public_policy": true,
            "bucket": "playground-tfscaffold-363953999983-eu-west-1",
            "id": "playground-tfscaffold-363953999983-eu-west-1",
            "ignore_public_acls": true,
            "restrict_public_buckets": true
          },
          "sensitive_attributes": [],
          "private": "bnVsbA==",
          "dependencies": [
            "aws_kms_key.s3",
            "aws_s3_bucket.bucket",
            "data.aws_iam_policy_document.kms_key_s3"
          ]
        }
      ]
    }
  ]
}
